
Microsoft Visual Studio Solution File, Format Version 12.00
# Visual Studio Version 16
VisualStudioVersion = 16.0.30717.126
MinimumVisualStudioVersion = 10.0.40219.1
Project("{2150E333-8FDC-42A3-9474-1A3956D46DE8}") = "Solution Items", "Solution Items", "{5731CB06-129E-4161-9E4E-A05F7CACAFD6}"
	ProjectSection(SolutionItems) = preProject
		.gitignore = .gitignore
		docker-compose.yml = docker-compose.yml
	EndProjectSection
EndProject
Project("{9A19103F-16F7-4668-BE54-9A1E7A4F7556}") = "ContactManager.ReportingService", "ContactManager.ReportingService\ContactManager.ReportingService.csproj", "{F8B04E83-F8B4-4034-A910-2B5A8611E20B}"
EndProject
Project("{9A19103F-16F7-4668-BE54-9A1E7A4F7556}") = "ContactManager.DirectoryService", "ContactManager.DirectoryService\ContactManager.DirectoryService.csproj", "{099F79A1-F7B5-4BC3-9D32-FFFF23E20760}"
EndProject
Project("{9A19103F-16F7-4668-BE54-9A1E7A4F7556}") = "ContactManager.ModelLayer", "ContactManager.ModelLayer\ContactManager.ModelLayer.csproj", "{6B4E56F4-425C-46AF-81AC-83D8FB1F8B22}"
EndProject
Project("{9A19103F-16F7-4668-BE54-9A1E7A4F7556}") = "ContactManager.CommonServices", "ContactManager.CommonServices\ContactManager.CommonServices.csproj", "{03B5C60D-5998-4CFA-A57F-BB2DD2AF01EE}"
EndProject
Project("{9A19103F-16F7-4668-BE54-9A1E7A4F7556}") = "ContactManager.Persistence", "ContactManager.Persistence\ContactManager.Persistence.csproj", "{BB3681BD-4743-433E-9FF8-EB965CA64D56}"
EndProject
Project("{9A19103F-16F7-4668-BE54-9A1E7A4F7556}") = "ContactManager.Core", "ContactManager.Core\ContactManager.Core.csproj", "{C125DEE9-66F6-4778-83FD-6AA8C383FB97}"
EndProject
Global
	GlobalSection(SolutionConfigurationPlatforms) = preSolution
		Debug|Any CPU = Debug|Any CPU
		Release|Any CPU = Release|Any CPU
	EndGlobalSection
	GlobalSection(ProjectConfigurationPlatforms) = postSolution
		{F8B04E83-F8B4-4034-A910-2B5A8611E20B}.Debug|Any CPU.ActiveCfg = Debug|Any CPU
		{F8B04E83-F8B4-4034-A910-2B5A8611E20B}.Debug|Any CPU.Build.0 = Debug|Any CPU
		{F8B04E83-F8B4-4034-A910-2B5A8611E20B}.Release|Any CPU.ActiveCfg = Release|Any CPU
		{F8B04E83-F8B4-4034-A910-2B5A8611E20B}.Release|Any CPU.Build.0 = Release|Any CPU
		{099F79A1-F7B5-4BC3-9D32-FFFF23E20760}.Debug|Any CPU.ActiveCfg = Debug|Any CPU
		{099F79A1-F7B5-4BC3-9D32-FFFF23E20760}.Debug|Any CPU.Build.0 = Debug|Any CPU
		{099F79A1-F7B5-4BC3-9D32-FFFF23E20760}.Release|Any CPU.ActiveCfg = Release|Any CPU
		{099F79A1-F7B5-4BC3-9D32-FFFF23E20760}.Release|Any CPU.Build.0 = Release|Any CPU
		{6B4E56F4-425C-46AF-81AC-83D8FB1F8B22}.Debug|Any CPU.ActiveCfg = Debug|Any CPU
		{6B4E56F4-425C-46AF-81AC-83D8FB1F8B22}.Debug|Any CPU.Build.0 = Debug|Any CPU
		{6B4E56F4-425C-46AF-81AC-83D8FB1F8B22}.Release|Any CPU.ActiveCfg = Release|Any CPU
		{6B4E56F4-425C-46AF-81AC-83D8FB1F8B22}.Release|Any CPU.Build.0 = Release|Any CPU
		{03B5C60D-5998-4CFA-A57F-BB2DD2AF01EE}.Debug|Any CPU.ActiveCfg = Debug|Any CPU
		{03B5C60D-5998-4CFA-A57F-BB2DD2AF01EE}.Debug|Any CPU.Build.0 = Debug|Any CPU
		{03B5C60D-5998-4CFA-A57F-BB2DD2AF01EE}.Release|Any CPU.ActiveCfg = Release|Any CPU
		{03B5C60D-5998-4CFA-A57F-BB2DD2AF01EE}.Release|Any CPU.Build.0 = Release|Any CPU
		{BB3681BD-4743-433E-9FF8-EB965CA64D56}.Debug|Any CPU.ActiveCfg = Debug|Any CPU
		{BB3681BD-4743-433E-9FF8-EB965CA64D56}.Debug|Any CPU.Build.0 = Debug|Any CPU
		{BB3681BD-4743-433E-9FF8-EB965CA64D56}.Release|Any CPU.ActiveCfg = Release|Any CPU
		{BB3681BD-4743-433E-9FF8-EB965CA64D56}.Release|Any CPU.Build.0 = Release|Any CPU
		{C125DEE9-66F6-4778-83FD-6AA8C383FB97}.Debug|Any CPU.ActiveCfg = Debug|Any CPU
		{C125DEE9-66F6-4778-83FD-6AA8C383FB97}.Debug|Any CPU.Build.0 = Debug|Any CPU
		{C125DEE9-66F6-4778-83FD-6AA8C383FB97}.Release|Any CPU.ActiveCfg = Release|Any CPU
		{C125DEE9-66F6-4778-83FD-6AA8C383FB97}.Release|Any CPU.Build.0 = Release|Any CPU
	EndGlobalSection
	GlobalSection(SolutionProperties) = preSolution
		HideSolutionNode = FALSE
	EndGlobalSection
	GlobalSection(ExtensibilityGlobals) = postSolution
		SolutionGuid = {75DDD364-B547-4163-B670-5A986AF35BF2}
	EndGlobalSection
EndGlobal
